
Microsoft Visual Studio Solution File, Format Version 12.00
# Visual Studio 2015
Project("{FAE04EC0-301F-11D3-BF4B-00C04F79EFBC}") = "OneWayTicket.CSharp", "OneWayTicket.CSharp.csproj", "{2C1F2AA8-C7E8-6CD8-826F-ACDA22FFCE4E}"
EndProject
Project("{FAE04EC0-301F-11D3-BF4B-00C04F79EFBC}") = "OneWayTicket.CSharp.Editor.Plugins", "OneWayTicket.CSharp.Editor.Plugins.csproj", "{8C34645C-86AE-1F94-DF54-C6486B3AA3BA}"
EndProject
Project("{FAE04EC0-301F-11D3-BF4B-00C04F79EFBC}") = "OneWayTicket.CSharp.Editor", "OneWayTicket.CSharp.Editor.csproj", "{7B13F8FD-E3A3-ADCF-ACD0-5181B63B9CE6}"
EndProject
Global
	GlobalSection(SolutionConfigurationPlatforms) = preSolution
		Debug|Any CPU = Debug|Any CPU
		Release|Any CPU = Release|Any CPU
	EndGlobalSection
	GlobalSection(ProjectConfigurationPlatforms) = postSolution
		{2C1F2AA8-C7E8-6CD8-826F-ACDA22FFCE4E}.Debug|Any CPU.ActiveCfg = Debug|Any CPU
		{2C1F2AA8-C7E8-6CD8-826F-ACDA22FFCE4E}.Debug|Any CPU.Build.0 = Debug|Any CPU
		{2C1F2AA8-C7E8-6CD8-826F-ACDA22FFCE4E}.Release|Any CPU.ActiveCfg = Release|Any CPU
		{2C1F2AA8-C7E8-6CD8-826F-ACDA22FFCE4E}.Release|Any CPU.Build.0 = Release|Any CPU
		{8C34645C-86AE-1F94-DF54-C6486B3AA3BA}.Debug|Any CPU.ActiveCfg = Debug|Any CPU
		{8C34645C-86AE-1F94-DF54-C6486B3AA3BA}.Debug|Any CPU.Build.0 = Debug|Any CPU
		{8C34645C-86AE-1F94-DF54-C6486B3AA3BA}.Release|Any CPU.ActiveCfg = Release|Any CPU
		{8C34645C-86AE-1F94-DF54-C6486B3AA3BA}.Release|Any CPU.Build.0 = Release|Any CPU
		{7B13F8FD-E3A3-ADCF-ACD0-5181B63B9CE6}.Debug|Any CPU.ActiveCfg = Debug|Any CPU
		{7B13F8FD-E3A3-ADCF-ACD0-5181B63B9CE6}.Debug|Any CPU.Build.0 = Debug|Any CPU
		{7B13F8FD-E3A3-ADCF-ACD0-5181B63B9CE6}.Release|Any CPU.ActiveCfg = Release|Any CPU
		{7B13F8FD-E3A3-ADCF-ACD0-5181B63B9CE6}.Release|Any CPU.Build.0 = Release|Any CPU
	EndGlobalSection
	GlobalSection(SolutionProperties) = preSolution
		HideSolutionNode = FALSE
	EndGlobalSection
EndGlobal
